// !$*UTF8*$!
{
	archiveVersion = 1;
	classes = {
	};
	objectVersion = 46;
	objects = {

/* Begin PBXBuildFile section */
		2B68B11D7E203646F5429019 /* Pods_podocpodoc.framework in Frameworks */ = {isa = PBXBuildFile; fileRef = A9698AD655E8BB8B36843058 /* Pods_podocpodoc.framework */; };
		87AA55101E5AC130001B6684 /* MainController.swift in Sources */ = {isa = PBXBuildFile; fileRef = 87AA550F1E5AC130001B6684 /* MainController.swift */; };
		87AA55121E5AC166001B6684 /* FriendController.swift in Sources */ = {isa = PBXBuildFile; fileRef = 87AA55111E5AC166001B6684 /* FriendController.swift */; };
		87AA55141E5AC205001B6684 /* FriendViewModel.swift in Sources */ = {isa = PBXBuildFile; fileRef = 87AA55131E5AC205001B6684 /* FriendViewModel.swift */; };
		87AA55161E5AC23D001B6684 /* Friend.swift in Sources */ = {isa = PBXBuildFile; fileRef = 87AA55151E5AC23D001B6684 /* Friend.swift */; };
		87EF09F41E2C6D9E00091E77 /* AppDelegate.swift in Sources */ = {isa = PBXBuildFile; fileRef = 87EF09F31E2C6D9E00091E77 /* AppDelegate.swift */; };
		87EF09F61E2C6D9E00091E77 /* ViewController.swift in Sources */ = {isa = PBXBuildFile; fileRef = 87EF09F51E2C6D9E00091E77 /* ViewController.swift */; };
		87EF09F91E2C6D9E00091E77 /* Main.storyboard in Resources */ = {isa = PBXBuildFile; fileRef = 87EF09F71E2C6D9E00091E77 /* Main.storyboard */; };
		87EF09FB1E2C6D9E00091E77 /* Assets.xcassets in Resources */ = {isa = PBXBuildFile; fileRef = 87EF09FA1E2C6D9E00091E77 /* Assets.xcassets */; };
		87EF09FE1E2C6D9E00091E77 /* LaunchScreen.storyboard in Resources */ = {isa = PBXBuildFile; fileRef = 87EF09FC1E2C6D9E00091E77 /* LaunchScreen.storyboard */; };
/* End PBXBuildFile section */

/* Begin PBXFileReference section */
		04B9DB7566EB6533EC0EDB15 /* Pods-podocpodoc.debug.xcconfig */ = {isa = PBXFileReference; includeInIndex = 1; lastKnownFileType = text.xcconfig; name = "Pods-podocpodoc.debug.xcconfig"; path = "Pods/Target Support Files/Pods-podocpodoc/Pods-podocpodoc.debug.xcconfig"; sourceTree = "<group>"; };
		6CCBC2AA7E990D71D68F426B /* Pods-podocpodoc.release.xcconfig */ = {isa = PBXFileReference; includeInIndex = 1; lastKnownFileType = text.xcconfig; name = "Pods-podocpodoc.release.xcconfig"; path = "Pods/Target Support Files/Pods-podocpodoc/Pods-podocpodoc.release.xcconfig"; sourceTree = "<group>"; };
		87AA550F1E5AC130001B6684 /* MainController.swift */ = {isa = PBXFileReference; fileEncoding = 4; lastKnownFileType = sourcecode.swift; path = MainController.swift; sourceTree = "<group>"; };
		87AA55111E5AC166001B6684 /* FriendController.swift */ = {isa = PBXFileReference; fileEncoding = 4; lastKnownFileType = sourcecode.swift; path = FriendController.swift; sourceTree = "<group>"; };
		87AA55131E5AC205001B6684 /* FriendViewModel.swift */ = {isa = PBXFileReference; fileEncoding = 4; lastKnownFileType = sourcecode.swift; path = FriendViewModel.swift; sourceTree = "<group>"; };
		87AA55151E5AC23D001B6684 /* Friend.swift */ = {isa = PBXFileReference; fileEncoding = 4; lastKnownFileType = sourcecode.swift; path = Friend.swift; sourceTree = "<group>"; };
		87EF09F01E2C6D9E00091E77 /* podocpodoc.app */ = {isa = PBXFileReference; explicitFileType = wrapper.application; includeInIndex = 0; path = podocpodoc.app; sourceTree = BUILT_PRODUCTS_DIR; };
		87EF09F31E2C6D9E00091E77 /* AppDelegate.swift */ = {isa = PBXFileReference; lastKnownFileType = sourcecode.swift; path = AppDelegate.swift; sourceTree = "<group>"; };
		87EF09F51E2C6D9E00091E77 /* ViewController.swift */ = {isa = PBXFileReference; lastKnownFileType = sourcecode.swift; path = ViewController.swift; sourceTree = "<group>"; };
		87EF09F81E2C6D9E00091E77 /* Base */ = {isa = PBXFileReference; lastKnownFileType = file.storyboard; name = Base; path = Base.lproj/Main.storyboard; sourceTree = "<group>"; };
		87EF09FA1E2C6D9E00091E77 /* Assets.xcassets */ = {isa = PBXFileReference; lastKnownFileType = folder.assetcatalog; path = Assets.xcassets; sourceTree = "<group>"; };
		87EF09FD1E2C6D9E00091E77 /* Base */ = {isa = PBXFileReference; lastKnownFileType = file.storyboard; name = Base; path = Base.lproj/LaunchScreen.storyboard; sourceTree = "<group>"; };
		87EF09FF1E2C6D9E00091E77 /* Info.plist */ = {isa = PBXFileReference; lastKnownFileType = text.plist.xml; path = Info.plist; sourceTree = "<group>"; };
		A9698AD655E8BB8B36843058 /* Pods_podocpodoc.framework */ = {isa = PBXFileReference; explicitFileType = wrapper.framework; includeInIndex = 0; path = Pods_podocpodoc.framework; sourceTree = BUILT_PRODUCTS_DIR; };
/* End PBXFileReference section */

/* Begin PBXFrameworksBuildPhase section */
		87EF09ED1E2C6D9E00091E77 /* Frameworks */ = {
			isa = PBXFrameworksBuildPhase;
			buildActionMask = 2147483647;
			files = (
				2B68B11D7E203646F5429019 /* Pods_podocpodoc.framework in Frameworks */,
			);
			runOnlyForDeploymentPostprocessing = 0;
		};
/* End PBXFrameworksBuildPhase section */

/* Begin PBXGroup section */
		35C36EBA78F40BAA3BA0DC22 /* Pods */ = {
			isa = PBXGroup;
			children = (
				04B9DB7566EB6533EC0EDB15 /* Pods-podocpodoc.debug.xcconfig */,
				6CCBC2AA7E990D71D68F426B /* Pods-podocpodoc.release.xcconfig */,
			);
			name = Pods;
			sourceTree = "<group>";
		};
		6F48D92FC885B4260F7579FA /* Frameworks */ = {
			isa = PBXGroup;
			children = (
				A9698AD655E8BB8B36843058 /* Pods_podocpodoc.framework */,
			);
			name = Frameworks;
			sourceTree = "<group>";
		};
		87EF09E71E2C6D9E00091E77 = {
			isa = PBXGroup;
			children = (
				87EF09F21E2C6D9E00091E77 /* podocpodoc */,
				87EF09F11E2C6D9E00091E77 /* Products */,
				35C36EBA78F40BAA3BA0DC22 /* Pods */,
				6F48D92FC885B4260F7579FA /* Frameworks */,
			);
			sourceTree = "<group>";
		};
		87EF09F11E2C6D9E00091E77 /* Products */ = {
			isa = PBXGroup;
			children = (
				87EF09F01E2C6D9E00091E77 /* podocpodoc.app */,
			);
			name = Products;
			sourceTree = "<group>";
		};
		87EF09F21E2C6D9E00091E77 /* podocpodoc */ = {
			isa = PBXGroup;
			children = (
				87EF09F31E2C6D9E00091E77 /* AppDelegate.swift */,
				87EF09F51E2C6D9E00091E77 /* ViewController.swift */,
				87EF09F71E2C6D9E00091E77 /* Main.storyboard */,
				87EF09FA1E2C6D9E00091E77 /* Assets.xcassets */,
				87EF09FC1E2C6D9E00091E77 /* LaunchScreen.storyboard */,
				87EF09FF1E2C6D9E00091E77 /* Info.plist */,
				87AA550F1E5AC130001B6684 /* MainController.swift */,
				87AA55111E5AC166001B6684 /* FriendController.swift */,
				87AA55131E5AC205001B6684 /* FriendViewModel.swift */,
				87AA55151E5AC23D001B6684 /* Friend.swift */,
			);
			path = podocpodoc;
			sourceTree = "<group>";
		};
/* End PBXGroup section */

/* Begin PBXNativeTarget section */
		87EF09EF1E2C6D9E00091E77 /* podocpodoc */ = {
			isa = PBXNativeTarget;
			buildConfigurationList = 87EF0A021E2C6D9E00091E77 /* Build configuration list for PBXNativeTarget "podocpodoc" */;
			buildPhases = (
				4F627B0D21F47815DEAA567F /* [CP] Check Pods Manifest.lock */,
				87EF09EC1E2C6D9E00091E77 /* Sources */,
				87EF09ED1E2C6D9E00091E77 /* Frameworks */,
				87EF09EE1E2C6D9E00091E77 /* Resources */,
				CF060BF7A22C2C96900C6361 /* [CP] Embed Pods Frameworks */,
				51B31CE698306A51F2875866 /* [CP] Copy Pods Resources */,
			);
			buildRules = (
			);
			dependencies = (
			);
			name = podocpodoc;
			productName = podocpodoc;
			productReference = 87EF09F01E2C6D9E00091E77 /* podocpodoc.app */;
			productType = "com.apple.product-type.application";
		};
/* End PBXNativeTarget section */

/* Begin PBXProject section */
		87EF09E81E2C6D9E00091E77 /* Project object */ = {
			isa = PBXProject;
			attributes = {
				LastSwiftUpdateCheck = 0800;
				LastUpgradeCheck = 0800;
				ORGANIZATIONNAME = twentyhours;
				TargetAttributes = {
					87EF09EF1E2C6D9E00091E77 = {
						CreatedOnToolsVersion = 8.0;
						ProvisioningStyle = Automatic;
					};
				};
			};
			buildConfigurationList = 87EF09EB1E2C6D9E00091E77 /* Build configuration list for PBXProject "podocpodoc" */;
			compatibilityVersion = "Xcode 3.2";
			developmentRegion = English;
			hasScannedForEncodings = 0;
			knownRegions = (
				en,
				Base,
			);
			mainGroup = 87EF09E71E2C6D9E00091E77;
			productRefGroup = 87EF09F11E2C6D9E00091E77 /* Products */;
			projectDirPath = "";
			projectRoot = "";
			targets = (
				87EF09EF1E2C6D9E00091E77 /* podocpodoc */,
			);
		};
/* End PBXProject section */

/* Begin PBXResourcesBuildPhase section */
		87EF09EE1E2C6D9E00091E77 /* Resources */ = {
			isa = PBXResourcesBuildPhase;
			buildActionMask = 2147483647;
			files = (
				87EF09FE1E2C6D9E00091E77 /* LaunchScreen.storyboard in Resources */,
				87EF09FB1E2C6D9E00091E77 /* Assets.xcassets in Resources */,
				87EF09F91E2C6D9E00091E77 /* Main.storyboard in Resources */,
			);
			runOnlyForDeploymentPostprocessing = 0;
		};
/* End PBXResourcesBuildPhase section */

/* Begin PBXShellScriptBuildPhase section */
		4F627B0D21F47815DEAA567F /* [CP] Check Pods Manifest.lock */ = {
			isa = PBXShellScriptBuildPhase;
			buildActionMask = 2147483647;
			files = (
			);
			inputPaths = (
			);
			name = "[CP] Check Pods Manifest.lock";
			outputPaths = (
			);
			runOnlyForDeploymentPostprocessing = 0;
			shellPath = /bin/sh;
			shellScript = "diff \"${PODS_ROOT}/../Podfile.lock\" \"${PODS_ROOT}/Manifest.lock\" > /dev/null\nif [ $? != 0 ] ; then\n    # print error to STDERR\n    echo \"error: The sandbox is not in sync with the Podfile.lock. Run 'pod install' or update your CocoaPods installation.\" >&2\n    exit 1\nfi\n";
			showEnvVarsInLog = 0;
		};
		51B31CE698306A51F2875866 /* [CP] Copy Pods Resources */ = {
			isa = PBXShellScriptBuildPhase;
			buildActionMask = 2147483647;
			files = (
			);
			inputPaths = (
			);
			name = "[CP] Copy Pods Resources";
			outputPaths = (
			);
			runOnlyForDeploymentPostprocessing = 0;
			shellPath = /bin/sh;
			shellScript = "\"${SRCROOT}/Pods/Target Support Files/Pods-podocpodoc/Pods-podocpodoc-resources.sh\"\n";
			showEnvVarsInLog = 0;
		};
		CF060BF7A22C2C96900C6361 /* [CP] Embed Pods Frameworks */ = {
			isa = PBXShellScriptBuildPhase;
			buildActionMask = 2147483647;
			files = (
			);
			inputPaths = (
			);
			name = "[CP] Embed Pods Frameworks";
			outputPaths = (
			);
			runOnlyForDeploymentPostprocessing = 0;
			shellPath = /bin/sh;
			shellScript = "\"${SRCROOT}/Pods/Target Support Files/Pods-podocpodoc/Pods-podocpodoc-frameworks.sh\"\n";
			showEnvVarsInLog = 0;
		};
/* End PBXShellScriptBuildPhase section */

/* Begin PBXSourcesBuildPhase section */
		87EF09EC1E2C6D9E00091E77 /* Sources */ = {
			isa = PBXSourcesBuildPhase;
			buildActionMask = 2147483647;
			files = (
				87AA55141E5AC205001B6684 /* FriendViewModel.swift in Sources */,
				87EF09F61E2C6D9E00091E77 /* ViewController.swift in Sources */,
				87AA55121E5AC166001B6684 /* FriendController.swift in Sources */,
				87AA55161E5AC23D001B6684 /* Friend.swift in Sources */,
				87AA55101E5AC130001B6684 /* MainController.swift in Sources */,
				87EF09F41E2C6D9E00091E77 /* AppDelegate.swift in Sources */,
			);
			runOnlyForDeploymentPostprocessing = 0;
		};
/* End PBXSourcesBuildPhase section */

/* Begin PBXVariantGroup section */
		87EF09F71E2C6D9E00091E77 /* Main.storyboard */ = {
			isa = PBXVariantGroup;
			children = (
				87EF09F81E2C6D9E00091E77 /* Base */,
			);
			name = Main.storyboard;
			sourceTree = "<group>";
		};
		87EF09FC1E2C6D9E00091E77 /* LaunchScreen.storyboard */ = {
			isa = PBXVariantGroup;
			children = (
				87EF09FD1E2C6D9E00091E77 /* Base */,
			);
			name = LaunchScreen.storyboard;
			sourceTree = "<group>";
		};
/* End PBXVariantGroup section */

/* Begin XCBuildConfiguration section */
		87EF0A001E2C6D9E00091E77 /* Debug */ = {
			isa = XCBuildConfiguration;
			buildSettings = {
				ALWAYS_SEARCH_USER_PATHS = NO;
				CLANG_ANALYZER_NONNULL = YES;
				CLANG_CXX_LANGUAGE_STANDARD = "gnu++0x";
				CLANG_CXX_LIBRARY = "libc++";
				CLANG_ENABLE_MODULES = YES;
				CLANG_ENABLE_OBJC_ARC = YES;
				CLANG_WARN_BOOL_CONVERSION = YES;
				CLANG_WARN_CONSTANT_CONVERSION = YES;
				CLANG_WARN_DIRECT_OBJC_ISA_USAGE = YES_ERROR;
				CLANG_WARN_DOCUMENTATION_COMMENTS = YES;
				CLANG_WARN_EMPTY_BODY = YES;
				CLANG_WARN_ENUM_CONVERSION = YES;
				CLANG_WARN_INFINITE_RECURSION = YES;
				CLANG_WARN_INT_CONVERSION = YES;
				CLANG_WARN_OBJC_ROOT_CLASS = YES_ERROR;
				CLANG_WARN_SUSPICIOUS_MOVES = YES;
				CLANG_WARN_UNREACHABLE_CODE = YES;
				CLANG_WARN__DUPLICATE_METHOD_MATCH = YES;
				"CODE_SIGN_IDENTITY[sdk=iphoneos*]" = "iPhone Developer";
				COPY_PHASE_STRIP = NO;
				DEBUG_INFORMATION_FORMAT = dwarf;
				ENABLE_STRICT_OBJC_MSGSEND = YES;
				ENABLE_TESTABILITY = YES;
				GCC_C_LANGUAGE_STANDARD = gnu99;
				GCC_DYNAMIC_NO_PIC = NO;
				GCC_NO_COMMON_BLOCKS = YES;
				GCC_OPTIMIZATION_LEVEL = 0;
				GCC_PREPROCESSOR_DEFINITIONS = (
					"DEBUG=1",
					"$(inherited)",
				);
				GCC_WARN_64_TO_32_BIT_CONVERSION = YES;
				GCC_WARN_ABOUT_RETURN_TYPE = YES_ERROR;
				GCC_WARN_UNDECLARED_SELECTOR = YES;
				GCC_WARN_UNINITIALIZED_AUTOS = YES_AGGRESSIVE;
				GCC_WARN_UNUSED_FUNCTION = YES;
				GCC_WARN_UNUSED_VARIABLE = YES;
				IPHONEOS_DEPLOYMENT_TARGET = 10.0;
				MTL_ENABLE_DEBUG_INFO = YES;
				ONLY_ACTIVE_ARCH = YES;
				SDKROOT = iphoneos;
				SWIFT_ACTIVE_COMPILATION_CONDITIONS = DEBUG;
				SWIFT_OPTIMIZATION_LEVEL = "-Onone";
				TARGETED_DEVICE_FAMILY = "1,2";
			};
			name = Debug;
		};
		87EF0A011E2C6D9E00091E77 /* Release */ = {
			isa = XCBuildConfiguration;
			buildSettings = {
				ALWAYS_SEARCH_USER_PATHS = NO;
				CLANG_ANALYZER_NONNULL = YES;
				CLANG_CXX_LANGUAGE_STANDARD = "gnu++0x";
				CLANG_CXX_LIBRARY = "libc++";
				CLANG_ENABLE_MODULES = YES;
				CLANG_ENABLE_OBJC_ARC = YES;
				CLANG_WARN_BOOL_CONVERSION = YES;
				CLANG_WARN_CONSTANT_CONVERSION = YES;
				CLANG_WARN_DIRECT_OBJC_ISA_USAGE = YES_ERROR;
				CLANG_WARN_DOCUMENTATION_COMMENTS = YES;
				CLANG_WARN_EMPTY_BODY = YES;
				CLANG_WARN_ENUM_CONVERSION = YES;
				CLANG_WARN_INFINITE_RECURSION = YES;
				CLANG_WARN_INT_CONVERSION = YES;
				CLANG_WARN_OBJC_ROOT_CLASS = YES_ERROR;
				CLANG_WARN_SUSPICIOUS_MOVES = YES;
				CLANG_WARN_UNREACHABLE_CODE = YES;
				CLANG_WARN__DUPLICATE_METHOD_MATCH = YES;
				"CODE_SIGN_IDENTITY[sdk=iphoneos*]" = "iPhone Developer";
				COPY_PHASE_STRIP = NO;
				DEBUG_INFORMATION_FORMAT = "dwarf-with-dsym";
				ENABLE_NS_ASSERTIONS = NO;
				ENABLE_STRICT_OBJC_MSGSEND = YES;
				GCC_C_LANGUAGE_STANDARD = gnu99;
				GCC_NO_COMMON_BLOCKS = YES;
				GCC_WARN_64_TO_32_BIT_CONVERSION = YES;
				GCC_WARN_ABOUT_RETURN_TYPE = YES_ERROR;
				GCC_WARN_UNDECLARED_SELECTOR = YES;
				GCC_WARN_UNINITIALIZED_AUTOS = YES_AGGRESSIVE;
				GCC_WARN_UNUSED_FUNCTION = YES;
				GCC_WARN_UNUSED_VARIABLE = YES;
				IPHONEOS_DEPLOYMENT_TARGET = 10.0;
				MTL_ENABLE_DEBUG_INFO = NO;
				SDKROOT = iphoneos;
				SWIFT_OPTIMIZATION_LEVEL = "-Owholemodule";
				TARGETED_DEVICE_FAMILY = "1,2";
				VALIDATE_PRODUCT = YES;
			};
			name = Release;
		};
		87EF0A031E2C6D9E00091E77 /* Debug */ = {
			isa = XCBuildConfiguration;
			baseConfigurationReference = 04B9DB7566EB6533EC0EDB15 /* Pods-podocpodoc.debug.xcconfig */;
			buildSettings = {
				ASSETCATALOG_COMPILER_APPICON_NAME = AppIcon;
				INFOPLIST_FILE = podocpodoc/Info.plist;
				IPHONEOS_DEPLOYMENT_TARGET = 10.0;
				LD_RUNPATH_SEARCH_PATHS = "$(inherited) @executable_path/Frameworks";
				PRODUCT_BUNDLE_IDENTIFIER = com.twentyhours.podocpodoc;
				PRODUCT_NAME = "$(TARGET_NAME)";
				SWIFT_VERSION = 3.0;
			};
			name = Debug;
		};
		87EF0A041E2C6D9E00091E77 /* Release */ = {
			isa = XCBuildConfiguration;
			baseConfigurationReference = 6CCBC2AA7E990D71D68F426B /* Pods-podocpodoc.release.xcconfig */;
			buildSettings = {
				ASSETCATALOG_COMPILER_APPICON_NAME = AppIcon;
				INFOPLIST_FILE = podocpodoc/Info.plist;
				IPHONEOS_DEPLOYMENT_TARGET = 10.0;
				LD_RUNPATH_SEARCH_PATHS = "$(inherited) @executable_path/Frameworks";
				PRODUCT_BUNDLE_IDENTIFIER = com.twentyhours.podocpodoc;
				PRODUCT_NAME = "$(TARGET_NAME)";
				SWIFT_VERSION = 3.0;
			};
			name = Release;
		};
/* End XCBuildConfiguration section */

/* Begin XCConfigurationList section */
		87EF09EB1E2C6D9E00091E77 /* Build configuration list for PBXProject "podocpodoc" */ = {
			isa = XCConfigurationList;
			buildConfigurations = (
				87EF0A001E2C6D9E00091E77 /* Debug */,
				87EF0A011E2C6D9E00091E77 /* Release */,
			);
			defaultConfigurationIsVisible = 0;
			defaultConfigurationName = Release;
		};
		87EF0A021E2C6D9E00091E77 /* Build configuration list for PBXNativeTarget "podocpodoc" */ = {
			isa = XCConfigurationList;
			buildConfigurations = (
				87EF0A031E2C6D9E00091E77 /* Debug */,
				87EF0A041E2C6D9E00091E77 /* Release */,
			);
			defaultConfigurationIsVisible = 0;
			defaultConfigurationName = Release;
		};
/* End XCConfigurationList section */
	};
	rootObject = 87EF09E81E2C6D9E00091E77 /* Project object */;
}
